
Microsoft Visual Studio Solution File, Format Version 12.00
# Visual Studio Version 17
VisualStudioVersion = 17.2.32505.173
MinimumVisualStudioVersion = 10.0.40219.1
Project("{FAE04EC0-301F-11D3-BF4B-00C04F79EFBC}") = "Scrittore_Visualizzatore", "Scrittore_Visualizzatore\Scrittore_Visualizzatore.csproj", "{C682FC71-638A-40D3-9FCE-46E13079E82C}"
EndProject
Global
	GlobalSection(SolutionConfigurationPlatforms) = preSolution
		Debug|Any CPU = Debug|Any CPU
		Release|Any CPU = Release|Any CPU
	EndGlobalSection
	GlobalSection(ProjectConfigurationPlatforms) = postSolution
		{C682FC71-638A-40D3-9FCE-46E13079E82C}.Debug|Any CPU.ActiveCfg = Debug|Any CPU
		{C682FC71-638A-40D3-9FCE-46E13079E82C}.Debug|Any CPU.Build.0 = Debug|Any CPU
		{C682FC71-638A-40D3-9FCE-46E13079E82C}.Release|Any CPU.ActiveCfg = Release|Any CPU
		{C682FC71-638A-40D3-9FCE-46E13079E82C}.Release|Any CPU.Build.0 = Release|Any CPU
	EndGlobalSection
	GlobalSection(SolutionProperties) = preSolution
		HideSolutionNode = FALSE
	EndGlobalSection
	GlobalSection(ExtensibilityGlobals) = postSolution
		SolutionGuid = {8017D2A3-2DCC-469A-91C1-C5C961DF763F}
	EndGlobalSection
EndGlobal
